# Generated by move; do not edit
# This file should be checked in.

[move]
version = 4

[pinned.mainnet.MoveStdlib]
source = { git = "https://github.com/MystenLabs/sui.git", subdir = "crates/sui-framework/packages/move-stdlib", rev = "ae59d7718668b468ce65702ecb0440aa2330f389" }
use_environment = "mainnet"
manifest_digest = "C4FE4C91DE74CBF223B2E380AE40F592177D21870DC2D7EB6227D2D694E05363"
deps = {}

[pinned.mainnet.Sui]
source = { git = "https://github.com/MystenLabs/sui.git", subdir = "crates/sui-framework/packages/sui-framework", rev = "ae59d7718668b468ce65702ecb0440aa2330f389" }
use_environment = "mainnet"
manifest_digest = "CD547CB1ACCE0880C835DAED2D8FFCB91D56C833AE5240D3AA5B918398263195"
deps = { MoveStdlib = "MoveStdlib" }

[pinned.mainnet.bps]
source = { git = "https://github.com/unconfirmedlabs/bps.git", subdir = ".", rev = "4ca1972a67d35c972ca567de7b08315e3778e52b" }
use_environment = "mainnet"
manifest_digest = "E41BBD67BE8940D26C79D78B028477EF5B33BA217A1282C78ACB344CF8A5ECF6"
deps = { std = "MoveStdlib", sui = "Sui" }

[pinned.mainnet.composition_royalty_pool]
source = { git = "https://github.com/misofm/musicos-actions.git", subdir = "composition_royalty_pool", rev = "57003465c09d5652dcc89fa8508378b1015c512a" }
use_environment = "mainnet"
manifest_digest = "42334E8D6F51B550E1206CEF2C17D3E1E05414865A9CD63309AD8BAA25D07F2D"
deps = { hikida = "hikida", musicos = "musicos", royalty_pool = "royalty_pool", std = "MoveStdlib", sui = "Sui", vault = "vault" }

[pinned.mainnet.composition_royalty_pool_plugin]
source = { root = true }
use_environment = "mainnet"
manifest_digest = "9FDE0E4B013E89531B286B162AFBFBE84F8B7D5040FF6020FD7CE335F37B1C63"
deps = { composition_royalty_pool = "composition_royalty_pool", hikida = "hikida", musicos = "musicos", royalty_pool = "royalty_pool", std = "MoveStdlib", sui = "Sui", vault = "vault" }

[pinned.mainnet.hikida]
source = { git = "https://github.com/unconfirmedlabs/hikida.git", subdir = ".", rev = "c91d6a0f536a5f1457b342a8838fc1d7ba09212e" }
use_environment = "mainnet"
manifest_digest = "E41BBD67BE8940D26C79D78B028477EF5B33BA217A1282C78ACB344CF8A5ECF6"
deps = { std = "MoveStdlib", sui = "Sui" }

[pinned.mainnet.musicos]
source = { git = "https://github.com/misofm/musicos.git", subdir = ".", rev = "a8dfc74f2f234e79574821f096c8463aec19411e" }
use_environment = "mainnet"
manifest_digest = "43EF3B938D7EEE22C9657EB418DA5C9E9984D02D725538A82E7D3268322F9EA5"
deps = { bps = "bps", share = "share", std = "MoveStdlib", sui = "Sui" }

[pinned.mainnet.royalty_pool]
source = { git = "https://github.com/misofm/royalty-pool.git", subdir = ".", rev = "7b140a56940981def6eaadb30ea187b81f4f9b04" }
use_environment = "mainnet"
manifest_digest = "18C7216D95B3FE2C7FD17E66A3ADDE02CF96FC7D3CE1565FCB62BE8A517198A3"
deps = { hikida = "hikida", std = "MoveStdlib", sui = "Sui" }

[pinned.mainnet.share]
source = { git = "https://github.com/misofm/share.git", subdir = ".", rev = "780bf701e9eada38564e618dee4daaed806d27d3" }
use_environment = "mainnet"
manifest_digest = "E41BBD67BE8940D26C79D78B028477EF5B33BA217A1282C78ACB344CF8A5ECF6"
deps = { std = "MoveStdlib", sui = "Sui" }

[pinned.mainnet.vault]
source = { git = "https://github.com/misofm/vault.git", subdir = ".", rev = "987f774eb1b4f692e0b3974d6a5acc55c8004cc5" }
use_environment = "mainnet"
manifest_digest = "E41BBD67BE8940D26C79D78B028477EF5B33BA217A1282C78ACB344CF8A5ECF6"
deps = { std = "MoveStdlib", sui = "Sui" }

[pinned.testnet.MoveStdlib]
source = { git = "https://github.com/MystenLabs/sui.git", subdir = "crates/sui-framework/packages/move-stdlib", rev = "ae59d7718668b468ce65702ecb0440aa2330f389" }
use_environment = "testnet"
manifest_digest = "C4FE4C91DE74CBF223B2E380AE40F592177D21870DC2D7EB6227D2D694E05363"
deps = {}

[pinned.testnet.Sui]
source = { git = "https://github.com/MystenLabs/sui.git", subdir = "crates/sui-framework/packages/sui-framework", rev = "ae59d7718668b468ce65702ecb0440aa2330f389" }
use_environment = "testnet"
manifest_digest = "7AFB66695545775FBFBB2D3078ADFD084244D5002392E837FDE21D9EA1C6D01C"
deps = { MoveStdlib = "MoveStdlib" }

[pinned.testnet.bps]
source = { git = "https://github.com/unconfirmedlabs/bps.git", subdir = ".", rev = "4ca1972a67d35c972ca567de7b08315e3778e52b" }
use_environment = "testnet"
manifest_digest = "5745706258F61D6CE210904B3E6AE87A73CE9D31A6F93BE4718C442529332A87"
deps = { std = "MoveStdlib", sui = "Sui" }

[pinned.testnet.composition_royalty_pool]
source = { git = "https://github.com/misofm/musicos-actions.git", subdir = "composition_royalty_pool", rev = "57003465c09d5652dcc89fa8508378b1015c512a" }
use_environment = "testnet"
manifest_digest = "48332EA65C441BF21608ACA0910F8F4EE25690AA0D1FD09F5E4EAF3394BCAFCF"
deps = { hikida = "hikida", musicos = "musicos", royalty_pool = "royalty_pool", std = "MoveStdlib", sui = "Sui", vault = "vault" }

[pinned.testnet.composition_royalty_pool_plugin]
source = { root = true }
use_environment = "testnet"
manifest_digest = "617CA1CA805CA03C0E37C28699B5EA5021F304CFF956F71AAED500D846F32A3D"
deps = { composition_royalty_pool = "composition_royalty_pool", hikida = "hikida", musicos = "musicos", royalty_pool = "royalty_pool", std = "MoveStdlib", sui = "Sui", vault = "vault" }

[pinned.testnet.hikida]
source = { git = "https://github.com/unconfirmedlabs/hikida.git", subdir = ".", rev = "c91d6a0f536a5f1457b342a8838fc1d7ba09212e" }
use_environment = "testnet"
manifest_digest = "5745706258F61D6CE210904B3E6AE87A73CE9D31A6F93BE4718C442529332A87"
deps = { std = "MoveStdlib", sui = "Sui" }

[pinned.testnet.musicos]
source = { git = "https://github.com/misofm/musicos.git", subdir = ".", rev = "a8dfc74f2f234e79574821f096c8463aec19411e" }
use_environment = "testnet"
manifest_digest = "6746D45CC0E1EB869033BB4778064980963001D5C9C151F74A7A7D1DDEAE0163"
deps = { bps = "bps", share = "share", std = "MoveStdlib", sui = "Sui" }

[pinned.testnet.royalty_pool]
source = { git = "https://github.com/misofm/royalty-pool.git", subdir = ".", rev = "7b140a56940981def6eaadb30ea187b81f4f9b04" }
use_environment = "testnet"
manifest_digest = "9AD740CF450106338DF768A6B452C2E3913D130508E0DA3F0FC2D8B7113BC1AD"
deps = { hikida = "hikida", std = "MoveStdlib", sui = "Sui" }

[pinned.testnet.share]
source = { git = "https://github.com/misofm/share.git", subdir = ".", rev = "780bf701e9eada38564e618dee4daaed806d27d3" }
use_environment = "testnet"
manifest_digest = "5745706258F61D6CE210904B3E6AE87A73CE9D31A6F93BE4718C442529332A87"
deps = { std = "MoveStdlib", sui = "Sui" }

[pinned.testnet.vault]
source = { git = "https://github.com/misofm/vault.git", subdir = ".", rev = "987f774eb1b4f692e0b3974d6a5acc55c8004cc5" }
use_environment = "testnet"
manifest_digest = "5745706258F61D6CE210904B3E6AE87A73CE9D31A6F93BE4718C442529332A87"
deps = { std = "MoveStdlib", sui = "Sui" }
