# Generated by move; do not edit
# This file should be checked in.

[move]
version = 4

[pinned.mainnet.MoveStdlib]
source = { git = "https://github.com/MystenLabs/sui.git", subdir = "crates/sui-framework/packages/move-stdlib", rev = "ae59d7718668b468ce65702ecb0440aa2330f389" }
use_environment = "mainnet"
manifest_digest = "C4FE4C91DE74CBF223B2E380AE40F592177D21870DC2D7EB6227D2D694E05363"
deps = {}

[pinned.mainnet.Sui]
source = { git = "https://github.com/MystenLabs/sui.git", subdir = "crates/sui-framework/packages/sui-framework", rev = "ae59d7718668b468ce65702ecb0440aa2330f389" }
use_environment = "mainnet"
manifest_digest = "CD547CB1ACCE0880C835DAED2D8FFCB91D56C833AE5240D3AA5B918398263195"
deps = { MoveStdlib = "MoveStdlib" }

[pinned.mainnet.bps]
source = { git = "https://github.com/unconfirmedlabs/bps.git", subdir = ".", rev = "4ca1972a67d35c972ca567de7b08315e3778e52b" }
use_environment = "mainnet"
manifest_digest = "E41BBD67BE8940D26C79D78B028477EF5B33BA217A1282C78ACB344CF8A5ECF6"
deps = { std = "MoveStdlib", sui = "Sui" }

[pinned.mainnet.hikida]
source = { git = "https://github.com/unconfirmedlabs/hikida.git", subdir = ".", rev = "c91d6a0f536a5f1457b342a8838fc1d7ba09212e" }
use_environment = "mainnet"
manifest_digest = "E41BBD67BE8940D26C79D78B028477EF5B33BA217A1282C78ACB344CF8A5ECF6"
deps = { std = "MoveStdlib", sui = "Sui" }

[pinned.mainnet.musicos]
source = { git = "https://github.com/misofm/musicos.git", subdir = ".", rev = "e56c4cbc0d9673f6422e365364b128d0813341ac" }
use_environment = "mainnet"
manifest_digest = "43EF3B938D7EEE22C9657EB418DA5C9E9984D02D725538A82E7D3268322F9EA5"
deps = { bps = "bps", share = "share", std = "MoveStdlib", sui = "Sui" }

[pinned.mainnet.recording_royalty_pool]
source = { git = "https://github.com/misofm/musicos-actions.git", subdir = "recording_royalty_pool", rev = "1238a44dc95a2f60aa01d9eac2bbfc4cbfca84ea" }
use_environment = "mainnet"
manifest_digest = "65467FF511307FCF08E9225C2D28A5085B11BF8AB52E2781F2F4FD82A6AB20BE"
deps = { hikida = "hikida", musicos = "musicos", royalty_pool = "royalty_pool", std = "MoveStdlib", sui = "Sui", vault = "vault" }

[pinned.mainnet.recording_royalty_pool_plugin]
source = { root = true }
use_environment = "mainnet"
manifest_digest = "BAAEA0CD4F95E77B657F78D73900D6D1370A91A7DB422922DF3B5D531E96E3F3"
deps = { musicos = "musicos", recording_royalty_pool = "recording_royalty_pool", royalty_pool = "royalty_pool", std = "MoveStdlib", sui = "Sui", vault = "vault" }

[pinned.mainnet.royalty_pool]
source = { git = "https://github.com/misofm/royalty-pool.git", subdir = ".", rev = "3fc2eee57a128874f9405cf218c613627824dc8e" }
use_environment = "mainnet"
manifest_digest = "18C7216D95B3FE2C7FD17E66A3ADDE02CF96FC7D3CE1565FCB62BE8A517198A3"
deps = { hikida = "hikida", std = "MoveStdlib", sui = "Sui" }

[pinned.mainnet.share]
source = { git = "https://github.com/misofm/share.git", subdir = ".", rev = "780bf701e9eada38564e618dee4daaed806d27d3" }
use_environment = "mainnet"
manifest_digest = "E41BBD67BE8940D26C79D78B028477EF5B33BA217A1282C78ACB344CF8A5ECF6"
deps = { std = "MoveStdlib", sui = "Sui" }

[pinned.mainnet.vault]
source = { git = "https://github.com/misofm/vault.git", subdir = ".", rev = "70c2d3a51fa7f4ce8ad471db8ec51a841dda9e42" }
use_environment = "mainnet"
manifest_digest = "E41BBD67BE8940D26C79D78B028477EF5B33BA217A1282C78ACB344CF8A5ECF6"
deps = { std = "MoveStdlib", sui = "Sui" }

[pinned.testnet.MoveStdlib]
source = { git = "https://github.com/MystenLabs/sui.git", subdir = "crates/sui-framework/packages/move-stdlib", rev = "ae59d7718668b468ce65702ecb0440aa2330f389" }
use_environment = "testnet"
manifest_digest = "C4FE4C91DE74CBF223B2E380AE40F592177D21870DC2D7EB6227D2D694E05363"
deps = {}

[pinned.testnet.Sui]
source = { git = "https://github.com/MystenLabs/sui.git", subdir = "crates/sui-framework/packages/sui-framework", rev = "ae59d7718668b468ce65702ecb0440aa2330f389" }
use_environment = "testnet"
manifest_digest = "7AFB66695545775FBFBB2D3078ADFD084244D5002392E837FDE21D9EA1C6D01C"
deps = { MoveStdlib = "MoveStdlib" }

[pinned.testnet.bps]
source = { git = "https://github.com/unconfirmedlabs/bps.git", subdir = ".", rev = "4ca1972a67d35c972ca567de7b08315e3778e52b" }
use_environment = "testnet"
manifest_digest = "5745706258F61D6CE210904B3E6AE87A73CE9D31A6F93BE4718C442529332A87"
deps = { std = "MoveStdlib", sui = "Sui" }

[pinned.testnet.hikida]
source = { git = "https://github.com/unconfirmedlabs/hikida.git", subdir = ".", rev = "c91d6a0f536a5f1457b342a8838fc1d7ba09212e" }
use_environment = "testnet"
manifest_digest = "5745706258F61D6CE210904B3E6AE87A73CE9D31A6F93BE4718C442529332A87"
deps = { std = "MoveStdlib", sui = "Sui" }

[pinned.testnet.musicos]
source = { git = "https://github.com/misofm/musicos.git", subdir = ".", rev = "e56c4cbc0d9673f6422e365364b128d0813341ac" }
use_environment = "testnet"
manifest_digest = "6746D45CC0E1EB869033BB4778064980963001D5C9C151F74A7A7D1DDEAE0163"
deps = { bps = "bps", share = "share", std = "MoveStdlib", sui = "Sui" }

[pinned.testnet.recording_royalty_pool]
source = { git = "https://github.com/misofm/musicos-actions.git", subdir = "recording_royalty_pool", rev = "1238a44dc95a2f60aa01d9eac2bbfc4cbfca84ea" }
use_environment = "testnet"
manifest_digest = "457320A22D3096BDB677BF630D8089F7C55DDCE1CA78487E3EC7045B0BF9C6E6"
deps = { hikida = "hikida", musicos = "musicos", royalty_pool = "royalty_pool", std = "MoveStdlib", sui = "Sui", vault = "vault" }

[pinned.testnet.recording_royalty_pool_plugin]
source = { root = true }
use_environment = "testnet"
manifest_digest = "2BCEDA8F244F57220BE3418F2F8120F2DD5D9431D57338CDA5C167DF1EDFE524"
deps = { musicos = "musicos", recording_royalty_pool = "recording_royalty_pool", royalty_pool = "royalty_pool", std = "MoveStdlib", sui = "Sui", vault = "vault" }

[pinned.testnet.royalty_pool]
source = { git = "https://github.com/misofm/royalty-pool.git", subdir = ".", rev = "3fc2eee57a128874f9405cf218c613627824dc8e" }
use_environment = "testnet"
manifest_digest = "9AD740CF450106338DF768A6B452C2E3913D130508E0DA3F0FC2D8B7113BC1AD"
deps = { hikida = "hikida", std = "MoveStdlib", sui = "Sui" }

[pinned.testnet.share]
source = { git = "https://github.com/misofm/share.git", subdir = ".", rev = "780bf701e9eada38564e618dee4daaed806d27d3" }
use_environment = "testnet"
manifest_digest = "5745706258F61D6CE210904B3E6AE87A73CE9D31A6F93BE4718C442529332A87"
deps = { std = "MoveStdlib", sui = "Sui" }

[pinned.testnet.vault]
source = { git = "https://github.com/misofm/vault.git", subdir = ".", rev = "70c2d3a51fa7f4ce8ad471db8ec51a841dda9e42" }
use_environment = "testnet"
manifest_digest = "5745706258F61D6CE210904B3E6AE87A73CE9D31A6F93BE4718C442529332A87"
deps = { std = "MoveStdlib", sui = "Sui" }
