# Generated by move; do not edit
# This file should be checked in.

[move]
version = 4

[pinned.mainnet.MoveStdlib]
source = { git = "https://github.com/MystenLabs/sui.git", subdir = "crates/sui-framework/packages/move-stdlib", rev = "2a0becb2fcc6989e492981104af67f62f2c9511a" }
use_environment = "mainnet"
manifest_digest = "C4FE4C91DE74CBF223B2E380AE40F592177D21870DC2D7EB6227D2D694E05363"
deps = {}

[pinned.mainnet.Sui]
source = { git = "https://github.com/MystenLabs/sui.git", subdir = "crates/sui-framework/packages/sui-framework", rev = "2a0becb2fcc6989e492981104af67f62f2c9511a" }
use_environment = "mainnet"
manifest_digest = "CD547CB1ACCE0880C835DAED2D8FFCB91D56C833AE5240D3AA5B918398263195"
deps = { MoveStdlib = "MoveStdlib" }

[pinned.mainnet.bps]
source = { git = "https://github.com/unconfirmedlabs/bps.git", subdir = ".", rev = "4ca1972a67d35c972ca567de7b08315e3778e52b" }
use_environment = "mainnet"
manifest_digest = "E41BBD67BE8940D26C79D78B028477EF5B33BA217A1282C78ACB344CF8A5ECF6"
deps = { std = "MoveStdlib", sui = "Sui" }

[pinned.mainnet.hikida]
source = { git = "https://github.com/unconfirmedlabs/hikida.git", subdir = ".", rev = "4abe4c1ff482655693698fa6ab8a6e2b58f8c635" }
use_environment = "mainnet"
manifest_digest = "E41BBD67BE8940D26C79D78B028477EF5B33BA217A1282C78ACB344CF8A5ECF6"
deps = { std = "MoveStdlib", sui = "Sui" }

[pinned.mainnet.miso]
source = { git = "https://github.com/misofm/protocol.git", subdir = ".", rev = "ffa0e38b8ba4815d81de1076101ea37d2c71c623" }
use_environment = "mainnet"
manifest_digest = "F1538B296F5BE05AEE0D9AFAF8855CA7B7FA20480A631D23395D2C5F7D636B48"
deps = { bps = "bps", miso_share = "miso_share", std = "MoveStdlib", sui = "Sui" }

[pinned.mainnet.miso_share]
source = { git = "https://github.com/misofm/share.git", subdir = ".", rev = "36dcbf2db710c9544c80427e128324733b6f6044" }
use_environment = "mainnet"
manifest_digest = "E41BBD67BE8940D26C79D78B028477EF5B33BA217A1282C78ACB344CF8A5ECF6"
deps = { std = "MoveStdlib", sui = "Sui" }

[pinned.mainnet.recording_royalty_pool]
source = { git = "https://github.com/misofm/protocol-actions.git", subdir = "recording_royalty_pool", rev = "56cb0b71d7fa1b2221e02216f8437ae2ede5ceff" }
use_environment = "mainnet"
manifest_digest = "094B27B626A7854E31ABE69C10B54CD4D139C9DC0E54A799926475315D0BC440"
deps = { hikida = "hikida", miso = "miso", royalty_pool = "royalty_pool", std = "MoveStdlib", sui = "Sui", vault = "vault" }

[pinned.mainnet.recording_royalty_pool_plugin]
source = { root = true }
use_environment = "mainnet"
manifest_digest = "6A08D36027296B8F7B6756B6FFC114917272E897788DA822CD207001CBEDED63"
deps = { miso = "miso", recording_royalty_pool = "recording_royalty_pool", royalty_pool = "royalty_pool", std = "MoveStdlib", sui = "Sui", vault = "vault" }

[pinned.mainnet.royalty_pool]
source = { git = "https://github.com/misofm/royalty-pool.git", subdir = ".", rev = "0b40a6f5d37c595d29acd7f6ebbee0a11177482f" }
use_environment = "mainnet"
manifest_digest = "6780F8DE8DBCA703D8BFC77E9B0D126C3E9CDE8B71EA0AC3CA09E54EC4CB5470"
deps = { hikida = "hikida", std = "MoveStdlib", sui = "Sui" }

[pinned.mainnet.vault]
source = { git = "https://github.com/misofm/vault.git", subdir = ".", rev = "6b55f9fe8d89f7a7974cb843b10b9827fe13ef0f" }
use_environment = "mainnet"
manifest_digest = "E41BBD67BE8940D26C79D78B028477EF5B33BA217A1282C78ACB344CF8A5ECF6"
deps = { std = "MoveStdlib", sui = "Sui" }

[pinned.testnet.MoveStdlib]
source = { git = "https://github.com/MystenLabs/sui.git", subdir = "crates/sui-framework/packages/move-stdlib", rev = "2a0becb2fcc6989e492981104af67f62f2c9511a" }
use_environment = "testnet"
manifest_digest = "C4FE4C91DE74CBF223B2E380AE40F592177D21870DC2D7EB6227D2D694E05363"
deps = {}

[pinned.testnet.Sui]
source = { git = "https://github.com/MystenLabs/sui.git", subdir = "crates/sui-framework/packages/sui-framework", rev = "2a0becb2fcc6989e492981104af67f62f2c9511a" }
use_environment = "testnet"
manifest_digest = "7AFB66695545775FBFBB2D3078ADFD084244D5002392E837FDE21D9EA1C6D01C"
deps = { MoveStdlib = "MoveStdlib" }

[pinned.testnet.bps]
source = { git = "https://github.com/unconfirmedlabs/bps.git", subdir = ".", rev = "4ca1972a67d35c972ca567de7b08315e3778e52b" }
use_environment = "testnet"
manifest_digest = "5745706258F61D6CE210904B3E6AE87A73CE9D31A6F93BE4718C442529332A87"
deps = { std = "MoveStdlib", sui = "Sui" }

[pinned.testnet.hikida]
source = { git = "https://github.com/unconfirmedlabs/hikida.git", subdir = ".", rev = "4abe4c1ff482655693698fa6ab8a6e2b58f8c635" }
use_environment = "testnet"
manifest_digest = "5745706258F61D6CE210904B3E6AE87A73CE9D31A6F93BE4718C442529332A87"
deps = { std = "MoveStdlib", sui = "Sui" }

[pinned.testnet.miso]
source = { git = "https://github.com/misofm/protocol.git", subdir = ".", rev = "6de5f9881ee62c81c57ce16832efc24dc33ae429" }
use_environment = "testnet"
manifest_digest = "BA5EBAA55B1B6DE07709319F1448FD9DBDFDA8C66F573336039066CF1046AE53"
deps = { bps = "bps", miso_share = "miso_share", std = "MoveStdlib", sui = "Sui" }

[pinned.testnet.miso_share]
source = { git = "https://github.com/misofm/share.git", subdir = ".", rev = "561cfad98e4aaa63e6b34d5a6f4c22e397c70a52" }
use_environment = "testnet"
manifest_digest = "5745706258F61D6CE210904B3E6AE87A73CE9D31A6F93BE4718C442529332A87"
deps = { std = "MoveStdlib", sui = "Sui" }

[pinned.testnet.recording_royalty_pool]
source = { git = "https://github.com/misofm/protocol-actions.git", subdir = "recording_royalty_pool", rev = "439096790e41293a4d74df32334590e943dd3f88" }
use_environment = "testnet"
manifest_digest = "ADA5ABA37E7BA113815830678C6219ACAE1C87F1055895CD5C9F92D5BB3C5231"
deps = { hikida = "hikida", miso = "miso", royalty_pool = "royalty_pool", std = "MoveStdlib", sui = "Sui", vault = "vault" }

[pinned.testnet.recording_royalty_pool_plugin]
source = { root = true }
use_environment = "testnet"
manifest_digest = "F33B63F78A9E8E248229E82203F1E75F77C1F13AD69E4281ED47097C07269490"
deps = { miso = "miso", recording_royalty_pool = "recording_royalty_pool", royalty_pool = "royalty_pool", std = "MoveStdlib", sui = "Sui", vault = "vault" }

[pinned.testnet.royalty_pool]
source = { git = "https://github.com/misofm/royalty-pool.git", subdir = ".", rev = "2a55f9d8d47c8011ada5c74d181c807167d78da3" }
use_environment = "testnet"
manifest_digest = "A14B8EEA8117AE9FF640B7D0633A291D278C3AACD2905B9C74DB5C056E785C4F"
deps = { hikida = "hikida", std = "MoveStdlib", sui = "Sui" }

[pinned.testnet.vault]
source = { git = "https://github.com/misofm/vault.git", subdir = ".", rev = "a171b3ad5a69868da857a361cbfb3503ff64e780" }
use_environment = "testnet"
manifest_digest = "5745706258F61D6CE210904B3E6AE87A73CE9D31A6F93BE4718C442529332A87"
deps = { std = "MoveStdlib", sui = "Sui" }
