# Generated by move; do not edit
# This file should be checked in.

[move]
version = 4

[pinned.testnet.MoveStdlib]
source = { git = "https://github.com/MystenLabs/sui.git", subdir = "crates/sui-framework/packages/move-stdlib", rev = "2a0becb2fcc6989e492981104af67f62f2c9511a" }
use_environment = "testnet"
manifest_digest = "C4FE4C91DE74CBF223B2E380AE40F592177D21870DC2D7EB6227D2D694E05363"
deps = {}

[pinned.testnet.Sui]
source = { git = "https://github.com/MystenLabs/sui.git", subdir = "crates/sui-framework/packages/sui-framework", rev = "2a0becb2fcc6989e492981104af67f62f2c9511a" }
use_environment = "testnet"
manifest_digest = "7AFB66695545775FBFBB2D3078ADFD084244D5002392E837FDE21D9EA1C6D01C"
deps = { MoveStdlib = "MoveStdlib" }

[pinned.testnet.bps]
source = { git = "https://github.com/unconfirmedlabs/bps.git", subdir = ".", rev = "4ca1972a67d35c972ca567de7b08315e3778e52b" }
use_environment = "testnet"
manifest_digest = "5745706258F61D6CE210904B3E6AE87A73CE9D31A6F93BE4718C442529332A87"
deps = { std = "MoveStdlib", sui = "Sui" }

[pinned.testnet.hikida]
source = { git = "https://github.com/unconfirmedlabs/hikida.git", subdir = ".", rev = "4abe4c1ff482655693698fa6ab8a6e2b58f8c635" }
use_environment = "testnet"
manifest_digest = "5745706258F61D6CE210904B3E6AE87A73CE9D31A6F93BE4718C442529332A87"
deps = { std = "MoveStdlib", sui = "Sui" }

[pinned.testnet.musicos]
source = { git = "https://github.com/misofm/musicos.git", subdir = ".", rev = "b3d5d4005fe36044d90e318f864dbc8b01de41da" }
use_environment = "testnet"
manifest_digest = "2B0310BD0BE225E02688BE35EC89B7F53E1494F234743C15A5FA3699DA2F1720"
deps = { bps = "bps", share = "share", std = "MoveStdlib", sui = "Sui" }

[pinned.testnet.recording_royalty_pool]
source = { git = "https://github.com/misofm/musicos-actions.git", subdir = "recording_royalty_pool", rev = "1e5a67d5bbe093beef1d4749d7d39f9c7d454a53" }
use_environment = "testnet"
manifest_digest = "42A69FBA1FF0A8EED7D28E3996AB1287DFB1ACB7CA2652B41FC3CC75D11F9287"
deps = { hikida = "hikida", musicos = "musicos", royalty_pool = "royalty_pool", std = "MoveStdlib", sui = "Sui", vault = "vault" }

[pinned.testnet.recording_royalty_pool_plugin]
source = { root = true }
use_environment = "testnet"
manifest_digest = "7FA0A1FCD607F3DF68C9E8C6A5AC4B78C426229ABA7F5D62551E6EE8429B87BD"
deps = { musicos = "musicos", recording_royalty_pool = "recording_royalty_pool", royalty_pool = "royalty_pool", std = "MoveStdlib", sui = "Sui", vault = "vault" }

[pinned.testnet.royalty_pool]
source = { git = "https://github.com/misofm/royalty-pool.git", subdir = ".", rev = "de389b508708fb5c7a14ed3548e871626c844bdc" }
use_environment = "testnet"
manifest_digest = "A14B8EEA8117AE9FF640B7D0633A291D278C3AACD2905B9C74DB5C056E785C4F"
deps = { hikida = "hikida", std = "MoveStdlib", sui = "Sui" }

[pinned.testnet.share]
source = { git = "https://github.com/misofm/share.git", subdir = ".", rev = "4311b8400272cf641d35569a8a262fc12a957c75" }
use_environment = "testnet"
manifest_digest = "5745706258F61D6CE210904B3E6AE87A73CE9D31A6F93BE4718C442529332A87"
deps = { std = "MoveStdlib", sui = "Sui" }

[pinned.testnet.vault]
source = { git = "https://github.com/misofm/vault.git", subdir = ".", rev = "8a4d1c0edbc120efc642a682308662e2a0b7f407" }
use_environment = "testnet"
manifest_digest = "5745706258F61D6CE210904B3E6AE87A73CE9D31A6F93BE4718C442529332A87"
deps = { std = "MoveStdlib", sui = "Sui" }
