# Generated by move; do not edit
# This file should be checked in.

[move]
version = 4

[pinned.testnet.MoveStdlib]
source = { git = "https://github.com/MystenLabs/sui.git", subdir = "crates/sui-framework/packages/move-stdlib", rev = "06734f6ff0af45d8632a14a4dc4b100197f6b1a2" }
use_environment = "testnet"
manifest_digest = "C4FE4C91DE74CBF223B2E380AE40F592177D21870DC2D7EB6227D2D694E05363"
deps = {}

[pinned.testnet.Sui]
source = { git = "https://github.com/MystenLabs/sui.git", subdir = "crates/sui-framework/packages/sui-framework", rev = "06734f6ff0af45d8632a14a4dc4b100197f6b1a2" }
use_environment = "testnet"
manifest_digest = "7AFB66695545775FBFBB2D3078ADFD084244D5002392E837FDE21D9EA1C6D01C"
deps = { MoveStdlib = "MoveStdlib" }

[pinned.testnet.generic_witness]
source = { git = "https://github.com/misofm/vault.git", subdir = "test_packages/generic_witness", rev = "18e9beb6057108ca97cafc24fed36ab3929bfb99" }
use_environment = "testnet"
manifest_digest = "5745706258F61D6CE210904B3E6AE87A73CE9D31A6F93BE4718C442529332A87"
deps = { std = "MoveStdlib", sui = "Sui" }

[pinned.testnet.hikida]
source = { git = "https://github.com/unconfirmedlabs/hikida.git", subdir = ".", rev = "e88c6fa88348bc2764823cf3666d7ca5e08b2f4f" }
use_environment = "testnet"
manifest_digest = "5745706258F61D6CE210904B3E6AE87A73CE9D31A6F93BE4718C442529332A87"
deps = { std = "MoveStdlib", sui = "Sui" }

[pinned.testnet.miso_party]
source = { git = "https://github.com/misonetwork/party.git", subdir = ".", rev = "ffb2915b9bb1802b4c160d3230c560e40bd2b063" }
use_environment = "testnet"
manifest_digest = "5745706258F61D6CE210904B3E6AE87A73CE9D31A6F93BE4718C442529332A87"
deps = { std = "MoveStdlib", sui = "Sui" }

[pinned.testnet.party_wallet]
source = { root = true }
use_environment = "testnet"
manifest_digest = "A8655B8F079FBFB98371BB3B0B54F180E32DE11A3EAF71FCCA4C7C1B5B9C309F"
deps = { hikida = "hikida", miso_party = "miso_party", std = "MoveStdlib", sui = "Sui", vault = "vault" }

[pinned.testnet.vault]
source = { git = "https://github.com/misofm/vault.git", subdir = ".", rev = "18e9beb6057108ca97cafc24fed36ab3929bfb99" }
use_environment = "testnet"
manifest_digest = "F75F9E8468B15EA1C22C97C7784FFD736933BEB8BC7308530C67D3FBF904BE39"
deps = { generic_witness = "generic_witness", std = "MoveStdlib", sui = "Sui" }
