# Generated by move; do not edit
# This file should be checked in.

[move]
version = 4

[pinned.mainnet.MoveStdlib]
source = { git = "https://github.com/MystenLabs/sui.git", subdir = "crates/sui-framework/packages/move-stdlib", rev = "ae59d7718668b468ce65702ecb0440aa2330f389" }
use_environment = "mainnet"
manifest_digest = "C4FE4C91DE74CBF223B2E380AE40F592177D21870DC2D7EB6227D2D694E05363"
deps = {}

[pinned.mainnet.Sui]
source = { git = "https://github.com/MystenLabs/sui.git", subdir = "crates/sui-framework/packages/sui-framework", rev = "ae59d7718668b468ce65702ecb0440aa2330f389" }
use_environment = "mainnet"
manifest_digest = "CD547CB1ACCE0880C835DAED2D8FFCB91D56C833AE5240D3AA5B918398263195"
deps = { MoveStdlib = "MoveStdlib" }

[pinned.mainnet.bps]
source = { git = "https://github.com/unconfirmedlabs/bps.git", subdir = ".", rev = "4ca1972a67d35c972ca567de7b08315e3778e52b" }
use_environment = "mainnet"
manifest_digest = "E41BBD67BE8940D26C79D78B028477EF5B33BA217A1282C78ACB344CF8A5ECF6"
deps = { std = "MoveStdlib", sui = "Sui" }

[pinned.mainnet.composition_routed_stake]
source = { git = "https://github.com/misofm/musicos-actions.git", subdir = "composition_routed_stake", rev = "9985ad7da357f8ae9de700338ba6a40b316362eb" }
use_environment = "mainnet"
manifest_digest = "18B874BC90D35CDCDB780EF3A10612F4DED3C73B5EC0DC9553852CCF92A94075"
deps = { hikida = "hikida", musicos = "musicos", routed_stake = "routed_stake", royalty_pool = "royalty_pool", std = "MoveStdlib", sui = "Sui", vault = "vault" }

[pinned.mainnet.composition_royalty_pool]
source = { git = "https://github.com/misofm/musicos-actions.git", subdir = "composition_royalty_pool", rev = "9985ad7da357f8ae9de700338ba6a40b316362eb" }
use_environment = "mainnet"
manifest_digest = "6F7EDEDA1286A0AEEB21C48E5D5598F8BC8843F594933DF1C447D5713859ED5C"
deps = { hikida = "hikida", musicos = "musicos", royalty_pool = "royalty_pool", std = "MoveStdlib", sui = "Sui", vault = "vault" }

[pinned.mainnet.hikida]
source = { git = "https://github.com/unconfirmedlabs/hikida.git", subdir = ".", rev = "c91d6a0f536a5f1457b342a8838fc1d7ba09212e" }
use_environment = "mainnet"
manifest_digest = "E41BBD67BE8940D26C79D78B028477EF5B33BA217A1282C78ACB344CF8A5ECF6"
deps = { std = "MoveStdlib", sui = "Sui" }

[pinned.mainnet.musicos]
source = { git = "https://github.com/misofm/musicos.git", subdir = ".", rev = "f7a2be77ecc4429a1c5ff70800490b1946b1defb" }
use_environment = "mainnet"
manifest_digest = "C2FADDC7A2EBC151AF8C0ED959D49A3798828A3AA4EAE6AE499558E087F05AD7"
deps = { bps = "bps", other_recording_share = "other_recording_share", recording_share = "recording_share", share = "share", std = "MoveStdlib", sui = "Sui" }

[pinned.mainnet.other_recording_share]
source = { git = "https://github.com/misofm/musicos.git", subdir = "fixtures/other_recording_share", rev = "f7a2be77ecc4429a1c5ff70800490b1946b1defb" }
use_environment = "mainnet"
manifest_digest = "E41BBD67BE8940D26C79D78B028477EF5B33BA217A1282C78ACB344CF8A5ECF6"
deps = { std = "MoveStdlib", sui = "Sui" }

[pinned.mainnet.recording_royalty_pool]
source = { git = "https://github.com/misofm/musicos-actions.git", subdir = "recording_royalty_pool", rev = "9985ad7da357f8ae9de700338ba6a40b316362eb" }
use_environment = "mainnet"
manifest_digest = "6F7EDEDA1286A0AEEB21C48E5D5598F8BC8843F594933DF1C447D5713859ED5C"
deps = { hikida = "hikida", musicos = "musicos", royalty_pool = "royalty_pool", std = "MoveStdlib", sui = "Sui", vault = "vault" }

[pinned.mainnet.recording_share]
source = { git = "https://github.com/misofm/musicos.git", subdir = "fixtures/recording_share", rev = "f7a2be77ecc4429a1c5ff70800490b1946b1defb" }
use_environment = "mainnet"
manifest_digest = "E41BBD67BE8940D26C79D78B028477EF5B33BA217A1282C78ACB344CF8A5ECF6"
deps = { std = "MoveStdlib", sui = "Sui" }

[pinned.mainnet.release_revenue_distributor]
source = { git = "https://github.com/misofm/musicos-actions.git", subdir = "release_revenue_distributor", rev = "9985ad7da357f8ae9de700338ba6a40b316362eb" }
use_environment = "mainnet"
manifest_digest = "8AF488BB48CC4288D5135915000ED0D72261567155B1E21BC656F909F984E6B6"
deps = { hikida = "hikida", musicos = "musicos", std = "MoveStdlib", sui = "Sui", vault = "vault" }

[pinned.mainnet.release_revenue_distributor_plugin]
source = { root = true }
use_environment = "mainnet"
manifest_digest = "60296134ECA02703BAF67F1B2A228936677846F63E3381CD17778FC4691D112E"
deps = { composition_routed_stake = "composition_routed_stake", composition_royalty_pool = "composition_royalty_pool", musicos = "musicos", recording_royalty_pool = "recording_royalty_pool", release_revenue_distributor = "release_revenue_distributor", routed_stake = "routed_stake", royalty_pool = "royalty_pool", std = "MoveStdlib", sui = "Sui", vault = "vault" }

[pinned.mainnet.routed_stake]
source = { git = "https://github.com/misofm/routed-stake.git", subdir = ".", rev = "7ca690e81b39c8be1b3dc9e52764e5beebcc12f0" }
use_environment = "mainnet"
manifest_digest = "19FF207F4471F5C8DCD3195A46420C76A66CACA590530F33D55D3282C6372C00"
deps = { royalty_pool = "royalty_pool", std = "MoveStdlib", sui = "Sui" }

[pinned.mainnet.royalty_pool]
source = { git = "https://github.com/misofm/royalty-pool.git", subdir = ".", rev = "3aa2461c8abc8dc1153a39669fbac8f346bf0aa9" }
use_environment = "mainnet"
manifest_digest = "48C600527E747E55DE1F96BDD9AF6C486C882B5F348513C2F187FD9589FB8F9E"
deps = { hikida = "hikida", share = "share", std = "MoveStdlib", sui = "Sui" }

[pinned.mainnet.share]
source = { git = "https://github.com/misofm/share.git", subdir = ".", rev = "d6ce1a77070df6de8eb84406487bb57c5ae868d5" }
use_environment = "mainnet"
manifest_digest = "E41BBD67BE8940D26C79D78B028477EF5B33BA217A1282C78ACB344CF8A5ECF6"
deps = { std = "MoveStdlib", sui = "Sui" }

[pinned.mainnet.vault]
source = { git = "https://github.com/misofm/vault.git", subdir = ".", rev = "dad40fbcb3c6e0596c210828193302dd3552ff82" }
use_environment = "mainnet"
manifest_digest = "E41BBD67BE8940D26C79D78B028477EF5B33BA217A1282C78ACB344CF8A5ECF6"
deps = { std = "MoveStdlib", sui = "Sui" }

[pinned.testnet.MoveStdlib]
source = { git = "https://github.com/MystenLabs/sui.git", subdir = "crates/sui-framework/packages/move-stdlib", rev = "2a0becb2fcc6989e492981104af67f62f2c9511a" }
use_environment = "testnet"
manifest_digest = "C4FE4C91DE74CBF223B2E380AE40F592177D21870DC2D7EB6227D2D694E05363"
deps = {}

[pinned.testnet.Sui]
source = { git = "https://github.com/MystenLabs/sui.git", subdir = "crates/sui-framework/packages/sui-framework", rev = "2a0becb2fcc6989e492981104af67f62f2c9511a" }
use_environment = "testnet"
manifest_digest = "7AFB66695545775FBFBB2D3078ADFD084244D5002392E837FDE21D9EA1C6D01C"
deps = { MoveStdlib = "MoveStdlib" }

[pinned.testnet.bps]
source = { git = "https://github.com/unconfirmedlabs/bps.git", subdir = ".", rev = "4ca1972a67d35c972ca567de7b08315e3778e52b" }
use_environment = "testnet"
manifest_digest = "5745706258F61D6CE210904B3E6AE87A73CE9D31A6F93BE4718C442529332A87"
deps = { std = "MoveStdlib", sui = "Sui" }

[pinned.testnet.composition_routed_stake]
source = { git = "https://github.com/misofm/musicos-actions.git", subdir = "composition_routed_stake", rev = "ff116124f2404647eec4b5c9b8bc9df8f86d72d3" }
use_environment = "testnet"
manifest_digest = "C64FC0901F07982A12B4E7EE78CE2D0F08F178C896AFCB21571BB9E303234D58"
deps = { hikida = "hikida", musicos = "musicos", routed_stake = "routed_stake", royalty_pool = "royalty_pool", std = "MoveStdlib", sui = "Sui", vault = "vault" }

[pinned.testnet.composition_royalty_pool]
source = { git = "https://github.com/misofm/musicos-actions.git", subdir = "composition_royalty_pool", rev = "ff116124f2404647eec4b5c9b8bc9df8f86d72d3" }
use_environment = "testnet"
manifest_digest = "13FB2D0F90303FB08D9687AE2E5D0794F0F10A5172CBE4A856D53CD9E55B284B"
deps = { hikida = "hikida", musicos = "musicos", royalty_pool = "royalty_pool", std = "MoveStdlib", sui = "Sui", vault = "vault" }

[pinned.testnet.hikida]
source = { git = "https://github.com/unconfirmedlabs/hikida.git", subdir = ".", rev = "c91d6a0f536a5f1457b342a8838fc1d7ba09212e" }
use_environment = "testnet"
manifest_digest = "5745706258F61D6CE210904B3E6AE87A73CE9D31A6F93BE4718C442529332A87"
deps = { std = "MoveStdlib", sui = "Sui" }

[pinned.testnet.musicos]
source = { git = "https://github.com/misofm/musicos.git", subdir = ".", rev = "5d16455af2ff1ccaa80f86475fec95d95df41e06" }
use_environment = "testnet"
manifest_digest = "644F9C882BCD646A796675B035C0BC915CAD95E38745CAB825857A1A814251D9"
deps = { bps = "bps", other_recording_share = "other_recording_share", recording_share = "recording_share", share = "share", std = "MoveStdlib", sui = "Sui" }

[pinned.testnet.other_recording_share]
source = { git = "https://github.com/misofm/musicos.git", subdir = "fixtures/other_recording_share", rev = "5d16455af2ff1ccaa80f86475fec95d95df41e06" }
use_environment = "testnet"
manifest_digest = "5745706258F61D6CE210904B3E6AE87A73CE9D31A6F93BE4718C442529332A87"
deps = { std = "MoveStdlib", sui = "Sui" }

[pinned.testnet.recording_royalty_pool]
source = { git = "https://github.com/misofm/musicos-actions.git", subdir = "recording_royalty_pool", rev = "ff116124f2404647eec4b5c9b8bc9df8f86d72d3" }
use_environment = "testnet"
manifest_digest = "13FB2D0F90303FB08D9687AE2E5D0794F0F10A5172CBE4A856D53CD9E55B284B"
deps = { hikida = "hikida", musicos = "musicos", royalty_pool = "royalty_pool", std = "MoveStdlib", sui = "Sui", vault = "vault" }

[pinned.testnet.recording_share]
source = { git = "https://github.com/misofm/musicos.git", subdir = "fixtures/recording_share", rev = "5d16455af2ff1ccaa80f86475fec95d95df41e06" }
use_environment = "testnet"
manifest_digest = "5745706258F61D6CE210904B3E6AE87A73CE9D31A6F93BE4718C442529332A87"
deps = { std = "MoveStdlib", sui = "Sui" }

[pinned.testnet.release_revenue_distributor]
source = { git = "https://github.com/misofm/musicos-actions.git", subdir = "release_revenue_distributor", rev = "ff116124f2404647eec4b5c9b8bc9df8f86d72d3" }
use_environment = "testnet"
manifest_digest = "EF4622A8ABBB8C5F739A98640F8ADD9E17583FC421DB7320DEB9EEBD6D7E7B1D"
deps = { hikida = "hikida", musicos = "musicos", std = "MoveStdlib", sui = "Sui", vault = "vault" }

[pinned.testnet.release_revenue_distributor_plugin]
source = { root = true }
use_environment = "testnet"
manifest_digest = "27796E67501C99B0C7C19A166C064C2CBB7CD1DDC47FB6EA79F349BDA287DC37"
deps = { composition_routed_stake = "composition_routed_stake", composition_royalty_pool = "composition_royalty_pool", musicos = "musicos", recording_royalty_pool = "recording_royalty_pool", release_revenue_distributor = "release_revenue_distributor", routed_stake = "routed_stake", royalty_pool = "royalty_pool", std = "MoveStdlib", sui = "Sui", vault = "vault" }

[pinned.testnet.routed_stake]
source = { git = "https://github.com/misofm/routed-stake.git", subdir = ".", rev = "066b9efed31b29aa6ec6b95e586547c406ffb93d" }
use_environment = "testnet"
manifest_digest = "C500C1DE5A621105F53B5455F5ACCFC3B33530DB27537E6A399C1D104D347DC8"
deps = { royalty_pool = "royalty_pool", std = "MoveStdlib", sui = "Sui" }

[pinned.testnet.royalty_pool]
source = { git = "https://github.com/misofm/royalty-pool.git", subdir = ".", rev = "ba5d7da14e35d5b7bc0d57f832a2bebead14f315" }
use_environment = "testnet"
manifest_digest = "028BD1A9634A98AEC68E90ADFF6CB52299A9608BE59BDCA15CF6A268FCEC1784"
deps = { hikida = "hikida", share = "share", std = "MoveStdlib", sui = "Sui" }

[pinned.testnet.share]
source = { git = "https://github.com/misofm/share.git", subdir = ".", rev = "6ac1dbf022e74957c5ec15ecf95890e28889cd62" }
use_environment = "testnet"
manifest_digest = "5745706258F61D6CE210904B3E6AE87A73CE9D31A6F93BE4718C442529332A87"
deps = { std = "MoveStdlib", sui = "Sui" }

[pinned.testnet.vault]
source = { git = "https://github.com/misofm/vault.git", subdir = ".", rev = "b39cbba9688d19aa651032f25ca27951746d13f6" }
use_environment = "testnet"
manifest_digest = "5745706258F61D6CE210904B3E6AE87A73CE9D31A6F93BE4718C442529332A87"
deps = { std = "MoveStdlib", sui = "Sui" }
