# Generated by move; do not edit
# This file should be checked in.

[move]
version = 4

[pinned.mainnet.MoveStdlib]
source = { git = "https://github.com/MystenLabs/sui.git", subdir = "crates/sui-framework/packages/move-stdlib", rev = "ae59d7718668b468ce65702ecb0440aa2330f389" }
use_environment = "mainnet"
manifest_digest = "C4FE4C91DE74CBF223B2E380AE40F592177D21870DC2D7EB6227D2D694E05363"
deps = {}

[pinned.mainnet.Sui]
source = { git = "https://github.com/MystenLabs/sui.git", subdir = "crates/sui-framework/packages/sui-framework", rev = "ae59d7718668b468ce65702ecb0440aa2330f389" }
use_environment = "mainnet"
manifest_digest = "CD547CB1ACCE0880C835DAED2D8FFCB91D56C833AE5240D3AA5B918398263195"
deps = { MoveStdlib = "MoveStdlib" }

[pinned.mainnet.bps]
source = { git = "https://github.com/unconfirmedlabs/bps.git", subdir = ".", rev = "4ca1972a67d35c972ca567de7b08315e3778e52b" }
use_environment = "mainnet"
manifest_digest = "E41BBD67BE8940D26C79D78B028477EF5B33BA217A1282C78ACB344CF8A5ECF6"
deps = { std = "MoveStdlib", sui = "Sui" }

[pinned.mainnet.composition_routed_stake]
source = { git = "https://github.com/misofm/musicos-actions.git", subdir = "composition_routed_stake", rev = "7c960ae14cf780954436cef7910ba82d19b7ef4a" }
use_environment = "mainnet"
manifest_digest = "1B17B38FD0BC47E7139F90005F75E86165D9614B89804BC91916B49DE0FFA0AF"
deps = { hikida = "hikida", musicos = "musicos", routed_stake = "routed_stake", royalty_pool = "royalty_pool", std = "MoveStdlib", sui = "Sui", vault = "vault" }

[pinned.mainnet.composition_royalty_pool]
source = { git = "https://github.com/misofm/musicos-actions.git", subdir = "composition_royalty_pool", rev = "7c960ae14cf780954436cef7910ba82d19b7ef4a" }
use_environment = "mainnet"
manifest_digest = "C38615FF8966200634CFD475FF0C6EF2ACCC31DED65FC425E46B6151141C745A"
deps = { hikida = "hikida", musicos = "musicos", royalty_pool = "royalty_pool", std = "MoveStdlib", sui = "Sui", vault = "vault" }

[pinned.mainnet.hikida]
source = { git = "https://github.com/unconfirmedlabs/hikida.git", subdir = ".", rev = "c91d6a0f536a5f1457b342a8838fc1d7ba09212e" }
use_environment = "mainnet"
manifest_digest = "E41BBD67BE8940D26C79D78B028477EF5B33BA217A1282C78ACB344CF8A5ECF6"
deps = { std = "MoveStdlib", sui = "Sui" }

[pinned.mainnet.musicos]
source = { git = "https://github.com/misofm/musicos.git", subdir = ".", rev = "e56c4cbc0d9673f6422e365364b128d0813341ac" }
use_environment = "mainnet"
manifest_digest = "43EF3B938D7EEE22C9657EB418DA5C9E9984D02D725538A82E7D3268322F9EA5"
deps = { bps = "bps", share = "share", std = "MoveStdlib", sui = "Sui" }

[pinned.mainnet.recording_royalty_pool]
source = { git = "https://github.com/misofm/musicos-actions.git", subdir = "recording_royalty_pool", rev = "7c960ae14cf780954436cef7910ba82d19b7ef4a" }
use_environment = "mainnet"
manifest_digest = "C38615FF8966200634CFD475FF0C6EF2ACCC31DED65FC425E46B6151141C745A"
deps = { hikida = "hikida", musicos = "musicos", royalty_pool = "royalty_pool", std = "MoveStdlib", sui = "Sui", vault = "vault" }

[pinned.mainnet.release_revenue_distributor]
source = { git = "https://github.com/misofm/musicos-actions.git", subdir = "release_revenue_distributor", rev = "7c960ae14cf780954436cef7910ba82d19b7ef4a" }
use_environment = "mainnet"
manifest_digest = "F32AE2AF89CDA90C540C13E2B3604CFFABA5370E31B6ED5B9E656AF172852980"
deps = { hikida = "hikida", musicos = "musicos", std = "MoveStdlib", sui = "Sui", vault = "vault" }

[pinned.mainnet.release_revenue_distributor_plugin]
source = { root = true }
use_environment = "mainnet"
manifest_digest = "47EAB98E1C05CC2D0303B4B7CBE87554324F1F956B635216DC8E509FA0649EF0"
deps = { composition_routed_stake = "composition_routed_stake", composition_royalty_pool = "composition_royalty_pool", musicos = "musicos", recording_royalty_pool = "recording_royalty_pool", release_revenue_distributor = "release_revenue_distributor", routed_stake = "routed_stake", royalty_pool = "royalty_pool", std = "MoveStdlib", sui = "Sui", vault = "vault" }

[pinned.mainnet.routed_stake]
source = { git = "https://github.com/misofm/routed-stake.git", subdir = ".", rev = "c3d300e4df218f9bcae8b3553c607e8854e15a2d" }
use_environment = "mainnet"
manifest_digest = "3B15BA8D3B88E276A5BDEB82E68FF28432AF5004ADC09EE7FF55E94C31BF4D1A"
deps = { royalty_pool = "royalty_pool", std = "MoveStdlib", sui = "Sui" }

[pinned.mainnet.royalty_pool]
source = { git = "https://github.com/misofm/royalty-pool.git", subdir = ".", rev = "7b140a56940981def6eaadb30ea187b81f4f9b04" }
use_environment = "mainnet"
manifest_digest = "18C7216D95B3FE2C7FD17E66A3ADDE02CF96FC7D3CE1565FCB62BE8A517198A3"
deps = { hikida = "hikida", std = "MoveStdlib", sui = "Sui" }

[pinned.mainnet.share]
source = { git = "https://github.com/misofm/share.git", subdir = ".", rev = "780bf701e9eada38564e618dee4daaed806d27d3" }
use_environment = "mainnet"
manifest_digest = "E41BBD67BE8940D26C79D78B028477EF5B33BA217A1282C78ACB344CF8A5ECF6"
deps = { std = "MoveStdlib", sui = "Sui" }

[pinned.mainnet.vault]
source = { git = "https://github.com/misofm/vault.git", subdir = ".", rev = "987f774eb1b4f692e0b3974d6a5acc55c8004cc5" }
use_environment = "mainnet"
manifest_digest = "E41BBD67BE8940D26C79D78B028477EF5B33BA217A1282C78ACB344CF8A5ECF6"
deps = { std = "MoveStdlib", sui = "Sui" }

[pinned.testnet.MoveStdlib]
source = { git = "https://github.com/MystenLabs/sui.git", subdir = "crates/sui-framework/packages/move-stdlib", rev = "ae59d7718668b468ce65702ecb0440aa2330f389" }
use_environment = "testnet"
manifest_digest = "C4FE4C91DE74CBF223B2E380AE40F592177D21870DC2D7EB6227D2D694E05363"
deps = {}

[pinned.testnet.Sui]
source = { git = "https://github.com/MystenLabs/sui.git", subdir = "crates/sui-framework/packages/sui-framework", rev = "ae59d7718668b468ce65702ecb0440aa2330f389" }
use_environment = "testnet"
manifest_digest = "7AFB66695545775FBFBB2D3078ADFD084244D5002392E837FDE21D9EA1C6D01C"
deps = { MoveStdlib = "MoveStdlib" }

[pinned.testnet.bps]
source = { git = "https://github.com/unconfirmedlabs/bps.git", subdir = ".", rev = "4ca1972a67d35c972ca567de7b08315e3778e52b" }
use_environment = "testnet"
manifest_digest = "5745706258F61D6CE210904B3E6AE87A73CE9D31A6F93BE4718C442529332A87"
deps = { std = "MoveStdlib", sui = "Sui" }

[pinned.testnet.composition_routed_stake]
source = { git = "https://github.com/misofm/musicos-actions.git", subdir = "composition_routed_stake", rev = "7c960ae14cf780954436cef7910ba82d19b7ef4a" }
use_environment = "testnet"
manifest_digest = "6B0040648A40CC3BD581926B91B18DA915FB6DE4E30CB2A07AE36F3C2D1D505C"
deps = { hikida = "hikida", musicos = "musicos", routed_stake = "routed_stake", royalty_pool = "royalty_pool", std = "MoveStdlib", sui = "Sui", vault = "vault" }

[pinned.testnet.composition_royalty_pool]
source = { git = "https://github.com/misofm/musicos-actions.git", subdir = "composition_royalty_pool", rev = "7c960ae14cf780954436cef7910ba82d19b7ef4a" }
use_environment = "testnet"
manifest_digest = "18FA911F46E9F7366B8DEB7836734C3A856152193319650C70841AC678221D01"
deps = { hikida = "hikida", musicos = "musicos", royalty_pool = "royalty_pool", std = "MoveStdlib", sui = "Sui", vault = "vault" }

[pinned.testnet.hikida]
source = { git = "https://github.com/unconfirmedlabs/hikida.git", subdir = ".", rev = "c91d6a0f536a5f1457b342a8838fc1d7ba09212e" }
use_environment = "testnet"
manifest_digest = "5745706258F61D6CE210904B3E6AE87A73CE9D31A6F93BE4718C442529332A87"
deps = { std = "MoveStdlib", sui = "Sui" }

[pinned.testnet.musicos]
source = { git = "https://github.com/misofm/musicos.git", subdir = ".", rev = "e56c4cbc0d9673f6422e365364b128d0813341ac" }
use_environment = "testnet"
manifest_digest = "6746D45CC0E1EB869033BB4778064980963001D5C9C151F74A7A7D1DDEAE0163"
deps = { bps = "bps", share = "share", std = "MoveStdlib", sui = "Sui" }

[pinned.testnet.recording_royalty_pool]
source = { git = "https://github.com/misofm/musicos-actions.git", subdir = "recording_royalty_pool", rev = "7c960ae14cf780954436cef7910ba82d19b7ef4a" }
use_environment = "testnet"
manifest_digest = "18FA911F46E9F7366B8DEB7836734C3A856152193319650C70841AC678221D01"
deps = { hikida = "hikida", musicos = "musicos", royalty_pool = "royalty_pool", std = "MoveStdlib", sui = "Sui", vault = "vault" }

[pinned.testnet.release_revenue_distributor]
source = { git = "https://github.com/misofm/musicos-actions.git", subdir = "release_revenue_distributor", rev = "7c960ae14cf780954436cef7910ba82d19b7ef4a" }
use_environment = "testnet"
manifest_digest = "6BAF44F08567A9B9F2C6D3373A8D3FE69D668B474EBC547AA1B79164087F99B7"
deps = { hikida = "hikida", musicos = "musicos", std = "MoveStdlib", sui = "Sui", vault = "vault" }

[pinned.testnet.release_revenue_distributor_plugin]
source = { root = true }
use_environment = "testnet"
manifest_digest = "2246CD5DD3C6DA11FF8ECED52E849A07198669A43E9674DFC5781E5584B5E2F6"
deps = { composition_routed_stake = "composition_routed_stake", composition_royalty_pool = "composition_royalty_pool", musicos = "musicos", recording_royalty_pool = "recording_royalty_pool", release_revenue_distributor = "release_revenue_distributor", routed_stake = "routed_stake", royalty_pool = "royalty_pool", std = "MoveStdlib", sui = "Sui", vault = "vault" }

[pinned.testnet.routed_stake]
source = { git = "https://github.com/misofm/routed-stake.git", subdir = ".", rev = "c3d300e4df218f9bcae8b3553c607e8854e15a2d" }
use_environment = "testnet"
manifest_digest = "3CD0F3B2FA22473834CFEFB0FDA0DA438AFBCAE3BEE940D749A1F9B4AD69C03A"
deps = { royalty_pool = "royalty_pool", std = "MoveStdlib", sui = "Sui" }

[pinned.testnet.royalty_pool]
source = { git = "https://github.com/misofm/royalty-pool.git", subdir = ".", rev = "7b140a56940981def6eaadb30ea187b81f4f9b04" }
use_environment = "testnet"
manifest_digest = "9AD740CF450106338DF768A6B452C2E3913D130508E0DA3F0FC2D8B7113BC1AD"
deps = { hikida = "hikida", std = "MoveStdlib", sui = "Sui" }

[pinned.testnet.share]
source = { git = "https://github.com/misofm/share.git", subdir = ".", rev = "780bf701e9eada38564e618dee4daaed806d27d3" }
use_environment = "testnet"
manifest_digest = "5745706258F61D6CE210904B3E6AE87A73CE9D31A6F93BE4718C442529332A87"
deps = { std = "MoveStdlib", sui = "Sui" }

[pinned.testnet.vault]
source = { git = "https://github.com/misofm/vault.git", subdir = ".", rev = "987f774eb1b4f692e0b3974d6a5acc55c8004cc5" }
use_environment = "testnet"
manifest_digest = "5745706258F61D6CE210904B3E6AE87A73CE9D31A6F93BE4718C442529332A87"
deps = { std = "MoveStdlib", sui = "Sui" }
